
Microsoft Visual Studio Solution File, Format Version 12.00
# Visual Studio Version 17
VisualStudioVersion = 17.2.32616.157
MinimumVisualStudioVersion = 10.0.40219.1
Project("{9A19103F-16F7-4668-BE54-9A1E7A4F7556}") = "MovieTheater", "src\MovieTheater\MovieTheater.csproj", "{16D3E440-8C5E-4AFE-8EE3-8E5429E7B7CF}"
EndProject
Project("{FAE04EC0-301F-11D3-BF4B-00C04F79EFBC}") = "MovieTheater.Core", "src\MovieTheater.Core\MovieTheater.Core.csproj", "{3021021A-A142-445F-8784-9E219BE1983F}"
EndProject
Project("{FAE04EC0-301F-11D3-BF4B-00C04F79EFBC}") = "MovieTheater.Services", "src\MovieTheater.Services\MovieTheater.Services.csproj", "{0793DA12-8EEA-4213-AD0F-B4641D48804F}"
EndProject
Global
	GlobalSection(SolutionConfigurationPlatforms) = preSolution
		Debug|Any CPU = Debug|Any CPU
		Release|Any CPU = Release|Any CPU
	EndGlobalSection
	GlobalSection(ProjectConfigurationPlatforms) = postSolution
		{16D3E440-8C5E-4AFE-8EE3-8E5429E7B7CF}.Debug|Any CPU.ActiveCfg = Debug|Any CPU
		{16D3E440-8C5E-4AFE-8EE3-8E5429E7B7CF}.Debug|Any CPU.Build.0 = Debug|Any CPU
		{16D3E440-8C5E-4AFE-8EE3-8E5429E7B7CF}.Release|Any CPU.ActiveCfg = Release|Any CPU
		{16D3E440-8C5E-4AFE-8EE3-8E5429E7B7CF}.Release|Any CPU.Build.0 = Release|Any CPU
		{3021021A-A142-445F-8784-9E219BE1983F}.Debug|Any CPU.ActiveCfg = Debug|Any CPU
		{3021021A-A142-445F-8784-9E219BE1983F}.Debug|Any CPU.Build.0 = Debug|Any CPU
		{3021021A-A142-445F-8784-9E219BE1983F}.Release|Any CPU.ActiveCfg = Release|Any CPU
		{3021021A-A142-445F-8784-9E219BE1983F}.Release|Any CPU.Build.0 = Release|Any CPU
		{0793DA12-8EEA-4213-AD0F-B4641D48804F}.Debug|Any CPU.ActiveCfg = Debug|Any CPU
		{0793DA12-8EEA-4213-AD0F-B4641D48804F}.Debug|Any CPU.Build.0 = Debug|Any CPU
		{0793DA12-8EEA-4213-AD0F-B4641D48804F}.Release|Any CPU.ActiveCfg = Release|Any CPU
		{0793DA12-8EEA-4213-AD0F-B4641D48804F}.Release|Any CPU.Build.0 = Release|Any CPU
	EndGlobalSection
	GlobalSection(SolutionProperties) = preSolution
		HideSolutionNode = FALSE
	EndGlobalSection
	GlobalSection(ExtensibilityGlobals) = postSolution
		SolutionGuid = {4FF98151-267B-42A1-BB71-A7C11C3352BE}
	EndGlobalSection
EndGlobal
